
Microsoft Visual Studio Solution File, Format Version 12.00
# Visual Studio Version 17
VisualStudioVersion = 17.0.31903.59
MinimumVisualStudioVersion = 10.0.40219.1
Project("{FAE04EC0-301F-11D3-BF4B-00C04F79EFBC}") = "DynamicDash.App", "DynamicDash.App\DynamicDash.App.csproj", "{C24405F3-7101-4CBE-813C-8A66E38271F8}"
EndProject
Project("{FAE04EC0-301F-11D3-BF4B-00C04F79EFBC}") = "DynamicDash.Contracts", "DynamicDash.Contracts\DynamicDash.Contracts.csproj", "{8896523B-B87D-4B64-8177-4362641E804F}"
EndProject
Project("{FAE04EC0-301F-11D3-BF4B-00C04F79EFBC}") = "DynamicDash.TextWidget", "DynamicDash.TextWidget\DynamicDash.TextWidget.csproj", "{4C8245CC-7ACD-4C6D-AA20-8D530CB63208}"
EndProject
Project("{FAE04EC0-301F-11D3-BF4B-00C04F79EFBC}") = "DynamicDash.ChartWidget", "DynamicDash.ChartWidget\DynamicDash.ChartWidget.csproj", "{464AC9DE-0E6E-4794-A3B5-453BC723FBE4}"
EndProject
Global
	GlobalSection(SolutionConfigurationPlatforms) = preSolution
		Debug|Any CPU = Debug|Any CPU
		Debug|x64 = Debug|x64
		Debug|x86 = Debug|x86
		Release|Any CPU = Release|Any CPU
		Release|x64 = Release|x64
		Release|x86 = Release|x86
	EndGlobalSection
	GlobalSection(ProjectConfigurationPlatforms) = postSolution
		{C24405F3-7101-4CBE-813C-8A66E38271F8}.Debug|Any CPU.ActiveCfg = Debug|Any CPU
		{C24405F3-7101-4CBE-813C-8A66E38271F8}.Debug|Any CPU.Build.0 = Debug|Any CPU
		{C24405F3-7101-4CBE-813C-8A66E38271F8}.Debug|x64.ActiveCfg = Debug|Any CPU
		{C24405F3-7101-4CBE-813C-8A66E38271F8}.Debug|x64.Build.0 = Debug|Any CPU
		{C24405F3-7101-4CBE-813C-8A66E38271F8}.Debug|x86.ActiveCfg = Debug|Any CPU
		{C24405F3-7101-4CBE-813C-8A66E38271F8}.Debug|x86.Build.0 = Debug|Any CPU
		{C24405F3-7101-4CBE-813C-8A66E38271F8}.Release|Any CPU.ActiveCfg = Release|Any CPU
		{C24405F3-7101-4CBE-813C-8A66E38271F8}.Release|Any CPU.Build.0 = Release|Any CPU
		{C24405F3-7101-4CBE-813C-8A66E38271F8}.Release|x64.ActiveCfg = Release|Any CPU
		{C24405F3-7101-4CBE-813C-8A66E38271F8}.Release|x64.Build.0 = Release|Any CPU
		{C24405F3-7101-4CBE-813C-8A66E38271F8}.Release|x86.ActiveCfg = Release|Any CPU
		{C24405F3-7101-4CBE-813C-8A66E38271F8}.Release|x86.Build.0 = Release|Any CPU
		{8896523B-B87D-4B64-8177-4362641E804F}.Debug|Any CPU.ActiveCfg = Debug|Any CPU
		{8896523B-B87D-4B64-8177-4362641E804F}.Debug|Any CPU.Build.0 = Debug|Any CPU
		{8896523B-B87D-4B64-8177-4362641E804F}.Debug|x64.ActiveCfg = Debug|Any CPU
		{8896523B-B87D-4B64-8177-4362641E804F}.Debug|x64.Build.0 = Debug|Any CPU
		{8896523B-B87D-4B64-8177-4362641E804F}.Debug|x86.ActiveCfg = Debug|Any CPU
		{8896523B-B87D-4B64-8177-4362641E804F}.Debug|x86.Build.0 = Debug|Any CPU
		{8896523B-B87D-4B64-8177-4362641E804F}.Release|Any CPU.ActiveCfg = Release|Any CPU
		{8896523B-B87D-4B64-8177-4362641E804F}.Release|Any CPU.Build.0 = Release|Any CPU
		{8896523B-B87D-4B64-8177-4362641E804F}.Release|x64.ActiveCfg = Release|Any CPU
		{8896523B-B87D-4B64-8177-4362641E804F}.Release|x64.Build.0 = Release|Any CPU
		{8896523B-B87D-4B64-8177-4362641E804F}.Release|x86.ActiveCfg = Release|Any CPU
		{8896523B-B87D-4B64-8177-4362641E804F}.Release|x86.Build.0 = Release|Any CPU
		{4C8245CC-7ACD-4C6D-AA20-8D530CB63208}.Debug|Any CPU.ActiveCfg = Debug|Any CPU
		{4C8245CC-7ACD-4C6D-AA20-8D530CB63208}.Debug|Any CPU.Build.0 = Debug|Any CPU
		{4C8245CC-7ACD-4C6D-AA20-8D530CB63208}.Debug|x64.ActiveCfg = Debug|Any CPU
		{4C8245CC-7ACD-4C6D-AA20-8D530CB63208}.Debug|x64.Build.0 = Debug|Any CPU
		{4C8245CC-7ACD-4C6D-AA20-8D530CB63208}.Debug|x86.ActiveCfg = Debug|Any CPU
		{4C8245CC-7ACD-4C6D-AA20-8D530CB63208}.Debug|x86.Build.0 = Debug|Any CPU
		{4C8245CC-7ACD-4C6D-AA20-8D530CB63208}.Release|Any CPU.ActiveCfg = Release|Any CPU
		{4C8245CC-7ACD-4C6D-AA20-8D530CB63208}.Release|Any CPU.Build.0 = Release|Any CPU
		{4C8245CC-7ACD-4C6D-AA20-8D530CB63208}.Release|x64.ActiveCfg = Release|Any CPU
		{4C8245CC-7ACD-4C6D-AA20-8D530CB63208}.Release|x64.Build.0 = Release|Any CPU
		{4C8245CC-7ACD-4C6D-AA20-8D530CB63208}.Release|x86.ActiveCfg = Release|Any CPU
		{4C8245CC-7ACD-4C6D-AA20-8D530CB63208}.Release|x86.Build.0 = Release|Any CPU
		{464AC9DE-0E6E-4794-A3B5-453BC723FBE4}.Debug|Any CPU.ActiveCfg = Debug|Any CPU
		{464AC9DE-0E6E-4794-A3B5-453BC723FBE4}.Debug|Any CPU.Build.0 = Debug|Any CPU
		{464AC9DE-0E6E-4794-A3B5-453BC723FBE4}.Debug|x64.ActiveCfg = Debug|Any CPU
		{464AC9DE-0E6E-4794-A3B5-453BC723FBE4}.Debug|x64.Build.0 = Debug|Any CPU
		{464AC9DE-0E6E-4794-A3B5-453BC723FBE4}.Debug|x86.ActiveCfg = Debug|Any CPU
		{464AC9DE-0E6E-4794-A3B5-453BC723FBE4}.Debug|x86.Build.0 = Debug|Any CPU
		{464AC9DE-0E6E-4794-A3B5-453BC723FBE4}.Release|Any CPU.ActiveCfg = Release|Any CPU
		{464AC9DE-0E6E-4794-A3B5-453BC723FBE4}.Release|Any CPU.Build.0 = Release|Any CPU
		{464AC9DE-0E6E-4794-A3B5-453BC723FBE4}.Release|x64.ActiveCfg = Release|Any CPU
		{464AC9DE-0E6E-4794-A3B5-453BC723FBE4}.Release|x64.Build.0 = Release|Any CPU
		{464AC9DE-0E6E-4794-A3B5-453BC723FBE4}.Release|x86.ActiveCfg = Release|Any CPU
		{464AC9DE-0E6E-4794-A3B5-453BC723FBE4}.Release|x86.Build.0 = Release|Any CPU
	EndGlobalSection
	GlobalSection(SolutionProperties) = preSolution
		HideSolutionNode = FALSE
	EndGlobalSection
EndGlobal
